
Microsoft Visual Studio Solution File, Format Version 12.00
# Visual Studio Version 16
VisualStudioVersion = 16.0.30011.22
MinimumVisualStudioVersion = 10.0.40219.1
Project("{FAE04EC0-301F-11D3-BF4B-00C04F79EFBC}") = "RazorPagesMovie", "RazorPagesMovie.csproj", "{8029334F-3670-4F5C-A705-4EA742FFAAAA}"
EndProject
Global
	GlobalSection(SolutionConfigurationPlatforms) = preSolution
		Debug|Any CPU = Debug|Any CPU
		Release|Any CPU = Release|Any CPU
	EndGlobalSection
	GlobalSection(ProjectConfigurationPlatforms) = postSolution
		{8029334F-3670-4F5C-A705-4EA742FFAAAA}.Debug|Any CPU.ActiveCfg = Debug|Any CPU
		{8029334F-3670-4F5C-A705-4EA742FFAAAA}.Debug|Any CPU.Build.0 = Debug|Any CPU
		{8029334F-3670-4F5C-A705-4EA742FFAAAA}.Release|Any CPU.ActiveCfg = Release|Any CPU
		{8029334F-3670-4F5C-A705-4EA742FFAAAA}.Release|Any CPU.Build.0 = Release|Any CPU
	EndGlobalSection
	GlobalSection(SolutionProperties) = preSolution
		HideSolutionNode = FALSE
	EndGlobalSection
	GlobalSection(ExtensibilityGlobals) = postSolution
		SolutionGuid = {7AB5028F-F51F-4535-A9E5-907610DA2748}
	EndGlobalSection
EndGlobal
